
Microsoft Visual Studio Solution File, Format Version 12.00
# Visual Studio Version 16
VisualStudioVersion = 16.0.30608.117
MinimumVisualStudioVersion = 10.0.40219.1
Project("{8BC9CEB8-8B4A-11D0-8D11-00A0C91BC942}") = "processamp", "processamp\processamp.vcxproj", "{3A43D65C-FB03-4782-B881-46881CE27BBF}"
EndProject
Project("{8BC9CEB8-8B4A-11D0-8D11-00A0C91BC942}") = "procamp", "procamp\procamp.vcxproj", "{60082313-7885-438E-A6FD-3BFCEA4BE7D2}"
EndProject
Global
	GlobalSection(SolutionConfigurationPlatforms) = preSolution
		Debug|ARM = Debug|ARM
		Debug|ARM64 = Debug|ARM64
		Debug|x64 = Debug|x64
		Debug|x86 = Debug|x86
		Release|ARM = Release|ARM
		Release|ARM64 = Release|ARM64
		Release|x64 = Release|x64
		Release|x86 = Release|x86
	EndGlobalSection
	GlobalSection(ProjectConfigurationPlatforms) = postSolution
		{3A43D65C-FB03-4782-B881-46881CE27BBF}.Debug|ARM.ActiveCfg = Debug|ARM
		{3A43D65C-FB03-4782-B881-46881CE27BBF}.Debug|ARM.Build.0 = Debug|ARM
		{3A43D65C-FB03-4782-B881-46881CE27BBF}.Debug|ARM.Deploy.0 = Debug|ARM
		{3A43D65C-FB03-4782-B881-46881CE27BBF}.Debug|ARM64.ActiveCfg = Debug|ARM64
		{3A43D65C-FB03-4782-B881-46881CE27BBF}.Debug|ARM64.Build.0 = Debug|ARM64
		{3A43D65C-FB03-4782-B881-46881CE27BBF}.Debug|ARM64.Deploy.0 = Debug|ARM64
		{3A43D65C-FB03-4782-B881-46881CE27BBF}.Debug|x64.ActiveCfg = Debug|x64
		{3A43D65C-FB03-4782-B881-46881CE27BBF}.Debug|x64.Build.0 = Debug|x64
		{3A43D65C-FB03-4782-B881-46881CE27BBF}.Debug|x64.Deploy.0 = Debug|x64
		{3A43D65C-FB03-4782-B881-46881CE27BBF}.Debug|x86.ActiveCfg = Debug|Win32
		{3A43D65C-FB03-4782-B881-46881CE27BBF}.Debug|x86.Build.0 = Debug|Win32
		{3A43D65C-FB03-4782-B881-46881CE27BBF}.Debug|x86.Deploy.0 = Debug|Win32
		{3A43D65C-FB03-4782-B881-46881CE27BBF}.Release|ARM.ActiveCfg = Release|ARM
		{3A43D65C-FB03-4782-B881-46881CE27BBF}.Release|ARM.Build.0 = Release|ARM
		{3A43D65C-FB03-4782-B881-46881CE27BBF}.Release|ARM.Deploy.0 = Release|ARM
		{3A43D65C-FB03-4782-B881-46881CE27BBF}.Release|ARM64.ActiveCfg = Release|ARM64
		{3A43D65C-FB03-4782-B881-46881CE27BBF}.Release|ARM64.Build.0 = Release|ARM64
		{3A43D65C-FB03-4782-B881-46881CE27BBF}.Release|ARM64.Deploy.0 = Release|ARM64
		{3A43D65C-FB03-4782-B881-46881CE27BBF}.Release|x64.ActiveCfg = Release|x64
		{3A43D65C-FB03-4782-B881-46881CE27BBF}.Release|x64.Build.0 = Release|x64
		{3A43D65C-FB03-4782-B881-46881CE27BBF}.Release|x64.Deploy.0 = Release|x64
		{3A43D65C-FB03-4782-B881-46881CE27BBF}.Release|x86.ActiveCfg = Release|Win32
		{3A43D65C-FB03-4782-B881-46881CE27BBF}.Release|x86.Build.0 = Release|Win32
		{3A43D65C-FB03-4782-B881-46881CE27BBF}.Release|x86.Deploy.0 = Release|Win32
		{60082313-7885-438E-A6FD-3BFCEA4BE7D2}.Debug|ARM.ActiveCfg = Debug|Win32
		{60082313-7885-438E-A6FD-3BFCEA4BE7D2}.Debug|ARM64.ActiveCfg = Debug|Win32
		{60082313-7885-438E-A6FD-3BFCEA4BE7D2}.Debug|x64.ActiveCfg = Debug|x64
		{60082313-7885-438E-A6FD-3BFCEA4BE7D2}.Debug|x64.Build.0 = Debug|x64
		{60082313-7885-438E-A6FD-3BFCEA4BE7D2}.Debug|x86.ActiveCfg = Debug|Win32
		{60082313-7885-438E-A6FD-3BFCEA4BE7D2}.Debug|x86.Build.0 = Debug|Win32
		{60082313-7885-438E-A6FD-3BFCEA4BE7D2}.Release|ARM.ActiveCfg = Release|Win32
		{60082313-7885-438E-A6FD-3BFCEA4BE7D2}.Release|ARM64.ActiveCfg = Release|Win32
		{60082313-7885-438E-A6FD-3BFCEA4BE7D2}.Release|x64.ActiveCfg = Release|x64
		{60082313-7885-438E-A6FD-3BFCEA4BE7D2}.Release|x64.Build.0 = Release|x64
		{60082313-7885-438E-A6FD-3BFCEA4BE7D2}.Release|x86.ActiveCfg = Release|Win32
		{60082313-7885-438E-A6FD-3BFCEA4BE7D2}.Release|x86.Build.0 = Release|Win32
	EndGlobalSection
	GlobalSection(SolutionProperties) = preSolution
		HideSolutionNode = FALSE
	EndGlobalSection
	GlobalSection(ExtensibilityGlobals) = postSolution
		SolutionGuid = {E55B3E8B-E4C5-4BD0-B71F-041AFAC0FA62}
	EndGlobalSection
EndGlobal
